
Microsoft Visual Studio Solution File, Format Version 12.00
# Visual Studio Version 17
VisualStudioVersion = 17.2.32516.85
MinimumVisualStudioVersion = 10.0.40219.1
Project("{FAE04EC0-301F-11D3-BF4B-00C04F79EFBC}") = "Практическая9(13)", "Практическая9(13)\Практическая9(13).csproj", "{56CECABA-97BE-42FE-8906-ED9A0558B7BF}"
EndProject
Global
	GlobalSection(SolutionConfigurationPlatforms) = preSolution
		Debug|Any CPU = Debug|Any CPU
		Release|Any CPU = Release|Any CPU
	EndGlobalSection
	GlobalSection(ProjectConfigurationPlatforms) = postSolution
		{56CECABA-97BE-42FE-8906-ED9A0558B7BF}.Debug|Any CPU.ActiveCfg = Debug|Any CPU
		{56CECABA-97BE-42FE-8906-ED9A0558B7BF}.Debug|Any CPU.Build.0 = Debug|Any CPU
		{56CECABA-97BE-42FE-8906-ED9A0558B7BF}.Release|Any CPU.ActiveCfg = Release|Any CPU
		{56CECABA-97BE-42FE-8906-ED9A0558B7BF}.Release|Any CPU.Build.0 = Release|Any CPU
	EndGlobalSection
	GlobalSection(SolutionProperties) = preSolution
		HideSolutionNode = FALSE
	EndGlobalSection
	GlobalSection(ExtensibilityGlobals) = postSolution
		SolutionGuid = {DC0B8B00-ECED-4D7B-B9A2-F0857B2A2545}
	EndGlobalSection
EndGlobal
