
Microsoft Visual Studio Solution File, Format Version 12.00
# Visual Studio Version 17
VisualStudioVersion = 17.4.33213.308
MinimumVisualStudioVersion = 10.0.40219.1
Project("{FAE04EC0-301F-11D3-BF4B-00C04F79EFBC}") = "pr3", "pr3\pr3.csproj", "{801B7DD2-2672-4BBA-B9D6-637436C9D262}"
EndProject
Global
	GlobalSection(SolutionConfigurationPlatforms) = preSolution
		Debug|Any CPU = Debug|Any CPU
		Release|Any CPU = Release|Any CPU
	EndGlobalSection
	GlobalSection(ProjectConfigurationPlatforms) = postSolution
		{801B7DD2-2672-4BBA-B9D6-637436C9D262}.Debug|Any CPU.ActiveCfg = Debug|Any CPU
		{801B7DD2-2672-4BBA-B9D6-637436C9D262}.Debug|Any CPU.Build.0 = Debug|Any CPU
		{801B7DD2-2672-4BBA-B9D6-637436C9D262}.Release|Any CPU.ActiveCfg = Release|Any CPU
		{801B7DD2-2672-4BBA-B9D6-637436C9D262}.Release|Any CPU.Build.0 = Release|Any CPU
	EndGlobalSection
	GlobalSection(SolutionProperties) = preSolution
		HideSolutionNode = FALSE
	EndGlobalSection
	GlobalSection(ExtensibilityGlobals) = postSolution
		SolutionGuid = {F5CFD2BD-6E5C-4DBC-9623-03967C455780}
	EndGlobalSection
EndGlobal
