
Microsoft Visual Studio Solution File, Format Version 12.00
# Visual Studio Version 17
VisualStudioVersion = 17.2.32516.85
MinimumVisualStudioVersion = 10.0.40219.1
Project("{FAE04EC0-301F-11D3-BF4B-00C04F79EFBC}") = "PresentationTier", "PresentationTier\PresentationTier.csproj", "{991C1104-3CEA-4658-A58C-BE47E2B3EEDA}"
EndProject
Project("{FAE04EC0-301F-11D3-BF4B-00C04F79EFBC}") = "DataTier1", "DataTier1\DataTier1.csproj", "{9D5620B9-D3CF-4F8B-A24F-527034C88410}"
EndProject
Project("{FAE04EC0-301F-11D3-BF4B-00C04F79EFBC}") = "LogicT1er", "LogicT1er\LogicT1er.csproj", "{63E08E05-7E47-4D9D-8466-E0291FE27921}"
EndProject
Global
	GlobalSection(SolutionConfigurationPlatforms) = preSolution
		Debug|Any CPU = Debug|Any CPU
		Release|Any CPU = Release|Any CPU
	EndGlobalSection
	GlobalSection(ProjectConfigurationPlatforms) = postSolution
		{991C1104-3CEA-4658-A58C-BE47E2B3EEDA}.Debug|Any CPU.ActiveCfg = Debug|Any CPU
		{991C1104-3CEA-4658-A58C-BE47E2B3EEDA}.Debug|Any CPU.Build.0 = Debug|Any CPU
		{991C1104-3CEA-4658-A58C-BE47E2B3EEDA}.Release|Any CPU.ActiveCfg = Release|Any CPU
		{991C1104-3CEA-4658-A58C-BE47E2B3EEDA}.Release|Any CPU.Build.0 = Release|Any CPU
		{9D5620B9-D3CF-4F8B-A24F-527034C88410}.Debug|Any CPU.ActiveCfg = Debug|Any CPU
		{9D5620B9-D3CF-4F8B-A24F-527034C88410}.Debug|Any CPU.Build.0 = Debug|Any CPU
		{9D5620B9-D3CF-4F8B-A24F-527034C88410}.Release|Any CPU.ActiveCfg = Release|Any CPU
		{9D5620B9-D3CF-4F8B-A24F-527034C88410}.Release|Any CPU.Build.0 = Release|Any CPU
		{63E08E05-7E47-4D9D-8466-E0291FE27921}.Debug|Any CPU.ActiveCfg = Debug|Any CPU
		{63E08E05-7E47-4D9D-8466-E0291FE27921}.Debug|Any CPU.Build.0 = Debug|Any CPU
		{63E08E05-7E47-4D9D-8466-E0291FE27921}.Release|Any CPU.ActiveCfg = Release|Any CPU
		{63E08E05-7E47-4D9D-8466-E0291FE27921}.Release|Any CPU.Build.0 = Release|Any CPU
	EndGlobalSection
	GlobalSection(SolutionProperties) = preSolution
		HideSolutionNode = FALSE
	EndGlobalSection
	GlobalSection(ExtensibilityGlobals) = postSolution
		SolutionGuid = {EE69C1A9-426E-44D1-9E80-02FD8E647ECD}
	EndGlobalSection
EndGlobalТы че пес
