
Microsoft Visual Studio Solution File, Format Version 12.00
# Visual Studio Version 17
VisualStudioVersion = 17.2.32516.85
MinimumVisualStudioVersion = 10.0.40219.1
Project("{FAE04EC0-301F-11D3-BF4B-00C04F79EFBC}") = "Практическая 8(12)", "Практическая 8(12)\Практическая 8(12).csproj", "{398DBF2D-7AC1-4111-A12B-703FB2DCEB92}"
EndProject
Global
	GlobalSection(SolutionConfigurationPlatforms) = preSolution
		Debug|Any CPU = Debug|Any CPU
		Release|Any CPU = Release|Any CPU
	EndGlobalSection
	GlobalSection(ProjectConfigurationPlatforms) = postSolution
		{398DBF2D-7AC1-4111-A12B-703FB2DCEB92}.Debug|Any CPU.ActiveCfg = Debug|Any CPU
		{398DBF2D-7AC1-4111-A12B-703FB2DCEB92}.Debug|Any CPU.Build.0 = Debug|Any CPU
		{398DBF2D-7AC1-4111-A12B-703FB2DCEB92}.Release|Any CPU.ActiveCfg = Release|Any CPU
		{398DBF2D-7AC1-4111-A12B-703FB2DCEB92}.Release|Any CPU.Build.0 = Release|Any CPU
	EndGlobalSection
	GlobalSection(SolutionProperties) = preSolution
		HideSolutionNode = FALSE
	EndGlobalSection
	GlobalSection(ExtensibilityGlobals) = postSolution
		SolutionGuid = {29163C96-DC71-47C8-80E9-CCADE1C8F36C}
	EndGlobalSection
EndGlobal
