
Microsoft Visual Studio Solution File, Format Version 12.00
# Visual Studio Version 17
VisualStudioVersion = 17.4.33213.308
MinimumVisualStudioVersion = 10.0.40219.1
Project("{FAE04EC0-301F-11D3-BF4B-00C04F79EFBC}") = "pr5", "pr5\pr5.csproj", "{7BEBE5B5-FEEC-4B34-8E3A-B40530DF008F}"
EndProject
Global
	GlobalSection(SolutionConfigurationPlatforms) = preSolution
		Debug|Any CPU = Debug|Any CPU
		Release|Any CPU = Release|Any CPU
	EndGlobalSection
	GlobalSection(ProjectConfigurationPlatforms) = postSolution
		{7BEBE5B5-FEEC-4B34-8E3A-B40530DF008F}.Debug|Any CPU.ActiveCfg = Debug|Any CPU
		{7BEBE5B5-FEEC-4B34-8E3A-B40530DF008F}.Debug|Any CPU.Build.0 = Debug|Any CPU
		{7BEBE5B5-FEEC-4B34-8E3A-B40530DF008F}.Release|Any CPU.ActiveCfg = Release|Any CPU
		{7BEBE5B5-FEEC-4B34-8E3A-B40530DF008F}.Release|Any CPU.Build.0 = Release|Any CPU
	EndGlobalSection
	GlobalSection(SolutionProperties) = preSolution
		HideSolutionNode = FALSE
	EndGlobalSection
	GlobalSection(ExtensibilityGlobals) = postSolution
		SolutionGuid = {5D457EE3-F743-48F3-BDB0-7188FBB529D4}
	EndGlobalSection
EndGlobal
